
Microsoft Visual Studio Solution File, Format Version 12.00
# Visual Studio Version 16
VisualStudioVersion = 16.0.31729.503
MinimumVisualStudioVersion = 10.0.40219.1
Project("{FAE04EC0-301F-11D3-BF4B-00C04F79EFBC}") = "WebApiFun1", "WebApiFun1\WebApiFun1.csproj", "{4A01913E-913B-413B-9C0D-08C90548BBDE}"
EndProject
Global
	GlobalSection(SolutionConfigurationPlatforms) = preSolution
		Debug|Any CPU = Debug|Any CPU
		Release|Any CPU = Release|Any CPU
	EndGlobalSection
	GlobalSection(ProjectConfigurationPlatforms) = postSolution
		{4A01913E-913B-413B-9C0D-08C90548BBDE}.Debug|Any CPU.ActiveCfg = Debug|Any CPU
		{4A01913E-913B-413B-9C0D-08C90548BBDE}.Debug|Any CPU.Build.0 = Debug|Any CPU
		{4A01913E-913B-413B-9C0D-08C90548BBDE}.Release|Any CPU.ActiveCfg = Release|Any CPU
		{4A01913E-913B-413B-9C0D-08C90548BBDE}.Release|Any CPU.Build.0 = Release|Any CPU
	EndGlobalSection
	GlobalSection(SolutionProperties) = preSolution
		HideSolutionNode = FALSE
	EndGlobalSection
	GlobalSection(ExtensibilityGlobals) = postSolution
		SolutionGuid = {834B70A8-4F24-45C4-B943-81CA87005739}
	EndGlobalSection
EndGlobal
